// !$*UTF8*$!
{
	archiveVersion = 1;
	classes = {
	};
	objectVersion = 56;
	objects = {

/* Begin PBXBuildFile section */
		04632D4C2ACD99FB00998587 /* AppDelegate.swift in Sources */ = {isa = PBXBuildFile; fileRef = 04632D4B2ACD99FB00998587 /* AppDelegate.swift */; };
		04632D4E2ACD99FB00998587 /* SceneDelegate.swift in Sources */ = {isa = PBXBuildFile; fileRef = 04632D4D2ACD99FB00998587 /* SceneDelegate.swift */; };
		04632D502ACD99FB00998587 /* ViewController.swift in Sources */ = {isa = PBXBuildFile; fileRef = 04632D4F2ACD99FB00998587 /* ViewController.swift */; };
		04632D532ACD99FB00998587 /* Main.storyboard in Resources */ = {isa = PBXBuildFile; fileRef = 04632D512ACD99FB00998587 /* Main.storyboard */; };
		04632D552ACD99FD00998587 /* Assets.xcassets in Resources */ = {isa = PBXBuildFile; fileRef = 04632D542ACD99FD00998587 /* Assets.xcassets */; };
		04632D582ACD99FD00998587 /* LaunchScreen.storyboard in Resources */ = {isa = PBXBuildFile; fileRef = 04632D562ACD99FD00998587 /* LaunchScreen.storyboard */; };
		04632D632ACD99FE00998587 /* W3_calculator_TimotiusTests.swift in Sources */ = {isa = PBXBuildFile; fileRef = 04632D622ACD99FE00998587 /* W3_calculator_TimotiusTests.swift */; };
		04632D6D2ACD99FE00998587 /* W3_calculator_TimotiusUITests.swift in Sources */ = {isa = PBXBuildFile; fileRef = 04632D6C2ACD99FE00998587 /* W3_calculator_TimotiusUITests.swift */; };
		04632D6F2ACD99FE00998587 /* W3_calculator_TimotiusUITestsLaunchTests.swift in Sources */ = {isa = PBXBuildFile; fileRef = 04632D6E2ACD99FE00998587 /* W3_calculator_TimotiusUITestsLaunchTests.swift */; };
/* End PBXBuildFile section */

/* Begin PBXContainerItemProxy section */
		04632D5F2ACD99FE00998587 /* PBXContainerItemProxy */ = {
			isa = PBXContainerItemProxy;
			containerPortal = 04632D402ACD99FB00998587 /* Project object */;
			proxyType = 1;
			remoteGlobalIDString = 04632D472ACD99FB00998587;
			remoteInfo = W3_calculator_Timotius;
		};
		04632D692ACD99FE00998587 /* PBXContainerItemProxy */ = {
			isa = PBXContainerItemProxy;
			containerPortal = 04632D402ACD99FB00998587 /* Project object */;
			proxyType = 1;
			remoteGlobalIDString = 04632D472ACD99FB00998587;
			remoteInfo = W3_calculator_Timotius;
		};
/* End PBXContainerItemProxy section */

/* Begin PBXFileReference section */
		04632D482ACD99FB00998587 /* W3_calculator_Timotius.app */ = {isa = PBXFileReference; explicitFileType = wrapper.application; includeInIndex = 0; path = W3_calculator_Timotius.app; sourceTree = BUILT_PRODUCTS_DIR; };
		04632D4B2ACD99FB00998587 /* AppDelegate.swift */ = {isa = PBXFileReference; lastKnownFileType = sourcecode.swift; path = AppDelegate.swift; sourceTree = "<group>"; };
		04632D4D2ACD99FB00998587 /* SceneDelegate.swift */ = {isa = PBXFileReference; lastKnownFileType = sourcecode.swift; path = SceneDelegate.swift; sourceTree = "<group>"; };
		04632D4F2ACD99FB00998587 /* ViewController.swift */ = {isa = PBXFileReference; lastKnownFileType = sourcecode.swift; path = ViewController.swift; sourceTree = "<group>"; };
		04632D522ACD99FB00998587 /* Base */ = {isa = PBXFileReference; lastKnownFileType = file.storyboard; name = Base; path = Base.lproj/Main.storyboard; sourceTree = "<group>"; };
		04632D542ACD99FD00998587 /* Assets.xcassets */ = {isa = PBXFileReference; lastKnownFileType = folder.assetcatalog; path = Assets.xcassets; sourceTree = "<group>"; };
		04632D572ACD99FD00998587 /* Base */ = {isa = PBXFileReference; lastKnownFileType = file.storyboard; name = Base; path = Base.lproj/LaunchScreen.storyboard; sourceTree = "<group>"; };
		04632D592ACD99FD00998587 /* Info.plist */ = {isa = PBXFileReference; lastKnownFileType = text.plist.xml; path = Info.plist; sourceTree = "<group>"; };
		04632D5E2ACD99FE00998587 /* W3_calculator_TimotiusTests.xctest */ = {isa = PBXFileReference; explicitFileType = wrapper.cfbundle; includeInIndex = 0; path = W3_calculator_TimotiusTests.xctest; sourceTree = BUILT_PRODUCTS_DIR; };
		04632D622ACD99FE00998587 /* W3_calculator_TimotiusTests.swift */ = {isa = PBXFileReference; lastKnownFileType = sourcecode.swift; path = W3_calculator_TimotiusTests.swift; sourceTree = "<group>"; };
		04632D682ACD99FE00998587 /* W3_calculator_TimotiusUITests.xctest */ = {isa = PBXFileReference; explicitFileType = wrapper.cfbundle; includeInIndex = 0; path = W3_calculator_TimotiusUITests.xctest; sourceTree = BUILT_PRODUCTS_DIR; };
		04632D6C2ACD99FE00998587 /* W3_calculator_TimotiusUITests.swift */ = {isa = PBXFileReference; lastKnownFileType = sourcecode.swift; path = W3_calculator_TimotiusUITests.swift; sourceTree = "<group>"; };
		04632D6E2ACD99FE00998587 /* W3_calculator_TimotiusUITestsLaunchTests.swift */ = {isa = PBXFileReference; lastKnownFileType = sourcecode.swift; path = W3_calculator_TimotiusUITestsLaunchTests.swift; sourceTree = "<group>"; };
/* End PBXFileReference section */

/* Begin PBXFrameworksBuildPhase section */
		04632D452ACD99FB00998587 /* Frameworks */ = {
			isa = PBXFrameworksBuildPhase;
			buildActionMask = 2147483647;
			files = (
			);
			runOnlyForDeploymentPostprocessing = 0;
		};
		04632D5B2ACD99FE00998587 /* Frameworks */ = {
			isa = PBXFrameworksBuildPhase;
			buildActionMask = 2147483647;
			files = (
			);
			runOnlyForDeploymentPostprocessing = 0;
		};
		04632D652ACD99FE00998587 /* Frameworks */ = {
			isa = PBXFrameworksBuildPhase;
			buildActionMask = 2147483647;
			files = (
			);
			runOnlyForDeploymentPostprocessing = 0;
		};
/* End PBXFrameworksBuildPhase section */

/* Begin PBXGroup section */
		04632D3F2ACD99FB00998587 = {
			isa = PBXGroup;
			children = (
				04632D4A2ACD99FB00998587 /* W3_calculator_Timotius */,
				04632D612ACD99FE00998587 /* W3_calculator_TimotiusTests */,
				04632D6B2ACD99FE00998587 /* W3_calculator_TimotiusUITests */,
				04632D492ACD99FB00998587 /* Products */,
			);
			sourceTree = "<group>";
		};
		04632D492ACD99FB00998587 /* Products */ = {
			isa = PBXGroup;
			children = (
				04632D482ACD99FB00998587 /* W3_calculator_Timotius.app */,
				04632D5E2ACD99FE00998587 /* W3_calculator_TimotiusTests.xctest */,
				04632D682ACD99FE00998587 /* W3_calculator_TimotiusUITests.xctest */,
			);
			name = Products;
			sourceTree = "<group>";
		};
		04632D4A2ACD99FB00998587 /* W3_calculator_Timotius */ = {
			isa = PBXGroup;
			children = (
				04632D4B2ACD99FB00998587 /* AppDelegate.swift */,
				04632D4D2ACD99FB00998587 /* SceneDelegate.swift */,
				04632D4F2ACD99FB00998587 /* ViewController.swift */,
				04632D512ACD99FB00998587 /* Main.storyboard */,
				04632D542ACD99FD00998587 /* Assets.xcassets */,
				04632D562ACD99FD00998587 /* LaunchScreen.storyboard */,
				04632D592ACD99FD00998587 /* Info.plist */,
			);
			path = W3_calculator_Timotius;
			sourceTree = "<group>";
		};
		04632D612ACD99FE00998587 /* W3_calculator_TimotiusTests */ = {
			isa = PBXGroup;
			children = (
				04632D622ACD99FE00998587 /* W3_calculator_TimotiusTests.swift */,
			);
			path = W3_calculator_TimotiusTests;
			sourceTree = "<group>";
		};
		04632D6B2ACD99FE00998587 /* W3_calculator_TimotiusUITests */ = {
			isa = PBXGroup;
			children = (
				04632D6C2ACD99FE00998587 /* W3_calculator_TimotiusUITests.swift */,
				04632D6E2ACD99FE00998587 /* W3_calculator_TimotiusUITestsLaunchTests.swift */,
			);
			path = W3_calculator_TimotiusUITests;
			sourceTree = "<group>";
		};
/* End PBXGroup section */

/* Begin PBXNativeTarget section */
		04632D472ACD99FB00998587 /* W3_calculator_Timotius */ = {
			isa = PBXNativeTarget;
			buildConfigurationList = 04632D722ACD99FE00998587 /* Build configuration list for PBXNativeTarget "W3_calculator_Timotius" */;
			buildPhases = (
				04632D442ACD99FB00998587 /* Sources */,
				04632D452ACD99FB00998587 /* Frameworks */,
				04632D462ACD99FB00998587 /* Resources */,
			);
			buildRules = (
			);
			dependencies = (
			);
			name = W3_calculator_Timotius;
			productName = W3_calculator_Timotius;
			productReference = 04632D482ACD99FB00998587 /* W3_calculator_Timotius.app */;
			productType = "com.apple.product-type.application";
		};
		04632D5D2ACD99FE00998587 /* W3_calculator_TimotiusTests */ = {
			isa = PBXNativeTarget;
			buildConfigurationList = 04632D752ACD99FE00998587 /* Build configuration list for PBXNativeTarget "W3_calculator_TimotiusTests" */;
			buildPhases = (
				04632D5A2ACD99FE00998587 /* Sources */,
				04632D5B2ACD99FE00998587 /* Frameworks */,
				04632D5C2ACD99FE00998587 /* Resources */,
			);
			buildRules = (
			);
			dependencies = (
				04632D602ACD99FE00998587 /* PBXTargetDependency */,
			);
			name = W3_calculator_TimotiusTests;
			productName = W3_calculator_TimotiusTests;
			productReference = 04632D5E2ACD99FE00998587 /* W3_calculator_TimotiusTests.xctest */;
			productType = "com.apple.product-type.bundle.unit-test";
		};
		04632D672ACD99FE00998587 /* W3_calculator_TimotiusUITests */ = {
			isa = PBXNativeTarget;
			buildConfigurationList = 04632D782ACD99FE00998587 /* Build configuration list for PBXNativeTarget "W3_calculator_TimotiusUITests" */;
			buildPhases = (
				04632D642ACD99FE00998587 /* Sources */,
				04632D652ACD99FE00998587 /* Frameworks */,
				04632D662ACD99FE00998587 /* Resources */,
			);
			buildRules = (
			);
			dependencies = (
				04632D6A2ACD99FE00998587 /* PBXTargetDependency */,
			);
			name = W3_calculator_TimotiusUITests;
			productName = W3_calculator_TimotiusUITests;
			productReference = 04632D682ACD99FE00998587 /* W3_calculator_TimotiusUITests.xctest */;
			productType = "com.apple.product-type.bundle.ui-testing";
		};
/* End PBXNativeTarget section */

/* Begin PBXProject section */
		04632D402ACD99FB00998587 /* Project object */ = {
			isa = PBXProject;
			attributes = {
				BuildIndependentTargetsInParallel = 1;
				LastSwiftUpdateCheck = 1500;
				LastUpgradeCheck = 1500;
				TargetAttributes = {
					04632D472ACD99FB00998587 = {
						CreatedOnToolsVersion = 15.0;
					};
					04632D5D2ACD99FE00998587 = {
						CreatedOnToolsVersion = 15.0;
						TestTargetID = 04632D472ACD99FB00998587;
					};
					04632D672ACD99FE00998587 = {
						CreatedOnToolsVersion = 15.0;
						TestTargetID = 04632D472ACD99FB00998587;
					};
				};
			};
			buildConfigurationList = 04632D432ACD99FB00998587 /* Build configuration list for PBXProject "W3_calculator_Timotius" */;
			compatibilityVersion = "Xcode 14.0";
			developmentRegion = en;
			hasScannedForEncodings = 0;
			knownRegions = (
				en,
				Base,
			);
			mainGroup = 04632D3F2ACD99FB00998587;
			productRefGroup = 04632D492ACD99FB00998587 /* Products */;
			projectDirPath = "";
			projectRoot = "";
			targets = (
				04632D472ACD99FB00998587 /* W3_calculator_Timotius */,
				04632D5D2ACD99FE00998587 /* W3_calculator_TimotiusTests */,
				04632D672ACD99FE00998587 /* W3_calculator_TimotiusUITests */,
			);
		};
/* End PBXProject section */

/* Begin PBXResourcesBuildPhase section */
		04632D462ACD99FB00998587 /* Resources */ = {
			isa = PBXResourcesBuildPhase;
			buildActionMask = 2147483647;
			files = (
				04632D582ACD99FD00998587 /* LaunchScreen.storyboard in Resources */,
				04632D552ACD99FD00998587 /* Assets.xcassets in Resources */,
				04632D532ACD99FB00998587 /* Main.storyboard in Resources */,
			);
			runOnlyForDeploymentPostprocessing = 0;
		};
		04632D5C2ACD99FE00998587 /* Resources */ = {
			isa = PBXResourcesBuildPhase;
			buildActionMask = 2147483647;
			files = (
			);
			runOnlyForDeploymentPostprocessing = 0;
		};
		04632D662ACD99FE00998587 /* Resources */ = {
			isa = PBXResourcesBuildPhase;
			buildActionMask = 2147483647;
			files = (
			);
			runOnlyForDeploymentPostprocessing = 0;
		};
/* End PBXResourcesBuildPhase section */

/* Begin PBXSourcesBuildPhase section */
		04632D442ACD99FB00998587 /* Sources */ = {
			isa = PBXSourcesBuildPhase;
			buildActionMask = 2147483647;
			files = (
				04632D502ACD99FB00998587 /* ViewController.swift in Sources */,
				04632D4C2ACD99FB00998587 /* AppDelegate.swift in Sources */,
				04632D4E2ACD99FB00998587 /* SceneDelegate.swift in Sources */,
			);
			runOnlyForDeploymentPostprocessing = 0;
		};
		04632D5A2ACD99FE00998587 /* Sources */ = {
			isa = PBXSourcesBuildPhase;
			buildActionMask = 2147483647;
			files = (
				04632D632ACD99FE00998587 /* W3_calculator_TimotiusTests.swift in Sources */,
			);
			runOnlyForDeploymentPostprocessing = 0;
		};
		04632D642ACD99FE00998587 /* Sources */ = {
			isa = PBXSourcesBuildPhase;
			buildActionMask = 2147483647;
			files = (
				04632D6F2ACD99FE00998587 /* W3_calculator_TimotiusUITestsLaunchTests.swift in Sources */,
				04632D6D2ACD99FE00998587 /* W3_calculator_TimotiusUITests.swift in Sources */,
			);
			runOnlyForDeploymentPostprocessing = 0;
		};
/* End PBXSourcesBuildPhase section */

/* Begin PBXTargetDependency section */
		04632D602ACD99FE00998587 /* PBXTargetDependency */ = {
			isa = PBXTargetDependency;
			target = 04632D472ACD99FB00998587 /* W3_calculator_Timotius */;
			targetProxy = 04632D5F2ACD99FE00998587 /* PBXContainerItemProxy */;
		};
		04632D6A2ACD99FE00998587 /* PBXTargetDependency */ = {
			isa = PBXTargetDependency;
			target = 04632D472ACD99FB00998587 /* W3_calculator_Timotius */;
			targetProxy = 04632D692ACD99FE00998587 /* PBXContainerItemProxy */;
		};
/* End PBXTargetDependency section */

/* Begin PBXVariantGroup section */
		04632D512ACD99FB00998587 /* Main.storyboard */ = {
			isa = PBXVariantGroup;
			children = (
				04632D522ACD99FB00998587 /* Base */,
			);
			name = Main.storyboard;
			sourceTree = "<group>";
		};
		04632D562ACD99FD00998587 /* LaunchScreen.storyboard */ = {
			isa = PBXVariantGroup;
			children = (
				04632D572ACD99FD00998587 /* Base */,
			);
			name = LaunchScreen.storyboard;
			sourceTree = "<group>";
		};
/* End PBXVariantGroup section */

/* Begin XCBuildConfiguration section */
		04632D702ACD99FE00998587 /* Debug */ = {
			isa = XCBuildConfiguration;
			buildSettings = {
				ALWAYS_SEARCH_USER_PATHS = NO;
				ASSETCATALOG_COMPILER_GENERATE_SWIFT_ASSET_SYMBOL_EXTENSIONS = YES;
				CLANG_ANALYZER_NONNULL = YES;
				CLANG_ANALYZER_NUMBER_OBJECT_CONVERSION = YES_AGGRESSIVE;
				CLANG_CXX_LANGUAGE_STANDARD = "gnu++20";
				CLANG_ENABLE_MODULES = YES;
				CLANG_ENABLE_OBJC_ARC = YES;
				CLANG_ENABLE_OBJC_WEAK = YES;
				CLANG_WARN_BLOCK_CAPTURE_AUTORELEASING = YES;
				CLANG_WARN_BOOL_CONVERSION = YES;
				CLANG_WARN_COMMA = YES;
				CLANG_WARN_CONSTANT_CONVERSION = YES;
				CLANG_WARN_DEPRECATED_OBJC_IMPLEMENTATIONS = YES;
				CLANG_WARN_DIRECT_OBJC_ISA_USAGE = YES_ERROR;
				CLANG_WARN_DOCUMENTATION_COMMENTS = YES;
				CLANG_WARN_EMPTY_BODY = YES;
				CLANG_WARN_ENUM_CONVERSION = YES;
				CLANG_WARN_INFINITE_RECURSION = YES;
				CLANG_WARN_INT_CONVERSION = YES;
				CLANG_WARN_NON_LITERAL_NULL_CONVERSION = YES;
				CLANG_WARN_OBJC_IMPLICIT_RETAIN_SELF = YES;
				CLANG_WARN_OBJC_LITERAL_CONVERSION = YES;
				CLANG_WARN_OBJC_ROOT_CLASS = YES_ERROR;
				CLANG_WARN_QUOTED_INCLUDE_IN_FRAMEWORK_HEADER = YES;
				CLANG_WARN_RANGE_LOOP_ANALYSIS = YES;
				CLANG_WARN_STRICT_PROTOTYPES = YES;
				CLANG_WARN_SUSPICIOUS_MOVE = YES;
				CLANG_WARN_UNGUARDED_AVAILABILITY = YES_AGGRESSIVE;
				CLANG_WARN_UNREACHABLE_CODE = YES;
				CLANG_WARN__DUPLICATE_METHOD_MATCH = YES;
				COPY_PHASE_STRIP = NO;
				DEBUG_INFORMATION_FORMAT = dwarf;
				ENABLE_STRICT_OBJC_MSGSEND = YES;
				ENABLE_TESTABILITY = YES;
				ENABLE_USER_SCRIPT_SANDBOXING = YES;
				GCC_C_LANGUAGE_STANDARD = gnu17;
				GCC_DYNAMIC_NO_PIC = NO;
				GCC_NO_COMMON_BLOCKS = YES;
				GCC_OPTIMIZATION_LEVEL = 0;
				GCC_PREPROCESSOR_DEFINITIONS = (
					"DEBUG=1",
					"$(inherited)",
				);
				GCC_WARN_64_TO_32_BIT_CONVERSION = YES;
				GCC_WARN_ABOUT_RETURN_TYPE = YES_ERROR;
				GCC_WARN_UNDECLARED_SELECTOR = YES;
				GCC_WARN_UNINITIALIZED_AUTOS = YES_AGGRESSIVE;
				GCC_WARN_UNUSED_FUNCTION = YES;
				GCC_WARN_UNUSED_VARIABLE = YES;
				IPHONEOS_DEPLOYMENT_TARGET = 17.0;
				LOCALIZATION_PREFERS_STRING_CATALOGS = YES;
				MTL_ENABLE_DEBUG_INFO = INCLUDE_SOURCE;
				MTL_FAST_MATH = YES;
				ONLY_ACTIVE_ARCH = YES;
				SDKROOT = iphoneos;
				SWIFT_ACTIVE_COMPILATION_CONDITIONS = "DEBUG $(inherited)";
				SWIFT_OPTIMIZATION_LEVEL = "-Onone";
			};
			name = Debug;
		};
		04632D712ACD99FE00998587 /* Release */ = {
			isa = XCBuildConfiguration;
			buildSettings = {
				ALWAYS_SEARCH_USER_PATHS = NO;
				ASSETCATALOG_COMPILER_GENERATE_SWIFT_ASSET_SYMBOL_EXTENSIONS = YES;
				CLANG_ANALYZER_NONNULL = YES;
				CLANG_ANALYZER_NUMBER_OBJECT_CONVERSION = YES_AGGRESSIVE;
				CLANG_CXX_LANGUAGE_STANDARD = "gnu++20";
				CLANG_ENABLE_MODULES = YES;
				CLANG_ENABLE_OBJC_ARC = YES;
				CLANG_ENABLE_OBJC_WEAK = YES;
				CLANG_WARN_BLOCK_CAPTURE_AUTORELEASING = YES;
				CLANG_WARN_BOOL_CONVERSION = YES;
				CLANG_WARN_COMMA = YES;
				CLANG_WARN_CONSTANT_CONVERSION = YES;
				CLANG_WARN_DEPRECATED_OBJC_IMPLEMENTATIONS = YES;
				CLANG_WARN_DIRECT_OBJC_ISA_USAGE = YES_ERROR;
				CLANG_WARN_DOCUMENTATION_COMMENTS = YES;
				CLANG_WARN_EMPTY_BODY = YES;
				CLANG_WARN_ENUM_CONVERSION = YES;
				CLANG_WARN_INFINITE_RECURSION = YES;
				CLANG_WARN_INT_CONVERSION = YES;
				CLANG_WARN_NON_LITERAL_NULL_CONVERSION = YES;
				CLANG_WARN_OBJC_IMPLICIT_RETAIN_SELF = YES;
				CLANG_WARN_OBJC_LITERAL_CONVERSION = YES;
				CLANG_WARN_OBJC_ROOT_CLASS = YES_ERROR;
				CLANG_WARN_QUOTED_INCLUDE_IN_FRAMEWORK_HEADER = YES;
				CLANG_WARN_RANGE_LOOP_ANALYSIS = YES;
				CLANG_WARN_STRICT_PROTOTYPES = YES;
				CLANG_WARN_SUSPICIOUS_MOVE = YES;
				CLANG_WARN_UNGUARDED_AVAILABILITY = YES_AGGRESSIVE;
				CLANG_WARN_UNREACHABLE_CODE = YES;
				CLANG_WARN__DUPLICATE_METHOD_MATCH = YES;
				COPY_PHASE_STRIP = NO;
				DEBUG_INFORMATION_FORMAT = "dwarf-with-dsym";
				ENABLE_NS_ASSERTIONS = NO;
				ENABLE_STRICT_OBJC_MSGSEND = YES;
				ENABLE_USER_SCRIPT_SANDBOXING = YES;
				GCC_C_LANGUAGE_STANDARD = gnu17;
				GCC_NO_COMMON_BLOCKS = YES;
				GCC_WARN_64_TO_32_BIT_CONVERSION = YES;
				GCC_WARN_ABOUT_RETURN_TYPE = YES_ERROR;
				GCC_WARN_UNDECLARED_SELECTOR = YES;
				GCC_WARN_UNINITIALIZED_AUTOS = YES_AGGRESSIVE;
				GCC_WARN_UNUSED_FUNCTION = YES;
				GCC_WARN_UNUSED_VARIABLE = YES;
				IPHONEOS_DEPLOYMENT_TARGET = 17.0;
				LOCALIZATION_PREFERS_STRING_CATALOGS = YES;
				MTL_ENABLE_DEBUG_INFO = NO;
				MTL_FAST_MATH = YES;
				SDKROOT = iphoneos;
				SWIFT_COMPILATION_MODE = wholemodule;
				VALIDATE_PRODUCT = YES;
			};
			name = Release;
		};
		04632D732ACD99FE00998587 /* Debug */ = {
			isa = XCBuildConfiguration;
			buildSettings = {
				ASSETCATALOG_COMPILER_APPICON_NAME = AppIcon;
				ASSETCATALOG_COMPILER_GLOBAL_ACCENT_COLOR_NAME = AccentColor;
				CODE_SIGN_STYLE = Automatic;
				CURRENT_PROJECT_VERSION = 1;
				GENERATE_INFOPLIST_FILE = YES;
				INFOPLIST_FILE = W3_calculator_Timotius/Info.plist;
				INFOPLIST_KEY_UIApplicationSupportsIndirectInputEvents = YES;
				INFOPLIST_KEY_UILaunchStoryboardName = LaunchScreen;
				INFOPLIST_KEY_UIMainStoryboardFile = Main;
				INFOPLIST_KEY_UISupportedInterfaceOrientations_iPad = "UIInterfaceOrientationPortrait UIInterfaceOrientationPortraitUpsideDown UIInterfaceOrientationLandscapeLeft UIInterfaceOrientationLandscapeRight";
				INFOPLIST_KEY_UISupportedInterfaceOrientations_iPhone = "UIInterfaceOrientationPortrait UIInterfaceOrientationLandscapeLeft UIInterfaceOrientationLandscapeRight";
				LD_RUNPATH_SEARCH_PATHS = (
					"$(inherited)",
					"@executable_path/Frameworks",
				);
				MARKETING_VERSION = 1.0;
				PRODUCT_BUNDLE_IDENTIFIER = "YTTA.W3-calculator-Timotius";
				PRODUCT_NAME = "$(TARGET_NAME)";
				SWIFT_EMIT_LOC_STRINGS = YES;
				SWIFT_VERSION = 5.0;
				TARGETED_DEVICE_FAMILY = "1,2";
			};
			name = Debug;
		};
		04632D742ACD99FE00998587 /* Release */ = {
			isa = XCBuildConfiguration;
			buildSettings = {
				ASSETCATALOG_COMPILER_APPICON_NAME = AppIcon;
				ASSETCATALOG_COMPILER_GLOBAL_ACCENT_COLOR_NAME = AccentColor;
				CODE_SIGN_STYLE = Automatic;
				CURRENT_PROJECT_VERSION = 1;
				GENERATE_INFOPLIST_FILE = YES;
				INFOPLIST_FILE = W3_calculator_Timotius/Info.plist;
				INFOPLIST_KEY_UIApplicationSupportsIndirectInputEvents = YES;
				INFOPLIST_KEY_UILaunchStoryboardName = LaunchScreen;
				INFOPLIST_KEY_UIMainStoryboardFile = Main;
				INFOPLIST_KEY_UISupportedInterfaceOrientations_iPad = "UIInterfaceOrientationPortrait UIInterfaceOrientationPortraitUpsideDown UIInterfaceOrientationLandscapeLeft UIInterfaceOrientationLandscapeRight";
				INFOPLIST_KEY_UISupportedInterfaceOrientations_iPhone = "UIInterfaceOrientationPortrait UIInterfaceOrientationLandscapeLeft UIInterfaceOrientationLandscapeRight";
				LD_RUNPATH_SEARCH_PATHS = (
					"$(inherited)",
					"@executable_path/Frameworks",
				);
				MARKETING_VERSION = 1.0;
				PRODUCT_BUNDLE_IDENTIFIER = "YTTA.W3-calculator-Timotius";
				PRODUCT_NAME = "$(TARGET_NAME)";
				SWIFT_EMIT_LOC_STRINGS = YES;
				SWIFT_VERSION = 5.0;
				TARGETED_DEVICE_FAMILY = "1,2";
			};
			name = Release;
		};
		04632D762ACD99FE00998587 /* Debug */ = {
			isa = XCBuildConfiguration;
			buildSettings = {
				ALWAYS_EMBED_SWIFT_STANDARD_LIBRARIES = YES;
				BUNDLE_LOADER = "$(TEST_HOST)";
				CODE_SIGN_STYLE = Automatic;
				CURRENT_PROJECT_VERSION = 1;
				GENERATE_INFOPLIST_FILE = YES;
				IPHONEOS_DEPLOYMENT_TARGET = 17.0;
				MARKETING_VERSION = 1.0;
				PRODUCT_BUNDLE_IDENTIFIER = "YTTA.W3-calculator-TimotiusTests";
				PRODUCT_NAME = "$(TARGET_NAME)";
				SWIFT_EMIT_LOC_STRINGS = NO;
				SWIFT_VERSION = 5.0;
				TARGETED_DEVICE_FAMILY = "1,2";
				TEST_HOST = "$(BUILT_PRODUCTS_DIR)/W3_calculator_Timotius.app/$(BUNDLE_EXECUTABLE_FOLDER_PATH)/W3_calculator_Timotius";
			};
			name = Debug;
		};
		04632D772ACD99FE00998587 /* Release */ = {
			isa = XCBuildConfiguration;
			buildSettings = {
				ALWAYS_EMBED_SWIFT_STANDARD_LIBRARIES = YES;
				BUNDLE_LOADER = "$(TEST_HOST)";
				CODE_SIGN_STYLE = Automatic;
				CURRENT_PROJECT_VERSION = 1;
				GENERATE_INFOPLIST_FILE = YES;
				IPHONEOS_DEPLOYMENT_TARGET = 17.0;
				MARKETING_VERSION = 1.0;
				PRODUCT_BUNDLE_IDENTIFIER = "YTTA.W3-calculator-TimotiusTests";
				PRODUCT_NAME = "$(TARGET_NAME)";
				SWIFT_EMIT_LOC_STRINGS = NO;
				SWIFT_VERSION = 5.0;
				TARGETED_DEVICE_FAMILY = "1,2";
				TEST_HOST = "$(BUILT_PRODUCTS_DIR)/W3_calculator_Timotius.app/$(BUNDLE_EXECUTABLE_FOLDER_PATH)/W3_calculator_Timotius";
			};
			name = Release;
		};
		04632D792ACD99FE00998587 /* Debug */ = {
			isa = XCBuildConfiguration;
			buildSettings = {
				ALWAYS_EMBED_SWIFT_STANDARD_LIBRARIES = YES;
				CODE_SIGN_STYLE = Automatic;
				CURRENT_PROJECT_VERSION = 1;
				GENERATE_INFOPLIST_FILE = YES;
				MARKETING_VERSION = 1.0;
				PRODUCT_BUNDLE_IDENTIFIER = "YTTA.W3-calculator-TimotiusUITests";
				PRODUCT_NAME = "$(TARGET_NAME)";
				SWIFT_EMIT_LOC_STRINGS = NO;
				SWIFT_VERSION = 5.0;
				TARGETED_DEVICE_FAMILY = "1,2";
				TEST_TARGET_NAME = W3_calculator_Timotius;
			};
			name = Debug;
		};
		04632D7A2ACD99FE00998587 /* Release */ = {
			isa = XCBuildConfiguration;
			buildSettings = {
				ALWAYS_EMBED_SWIFT_STANDARD_LIBRARIES = YES;
				CODE_SIGN_STYLE = Automatic;
				CURRENT_PROJECT_VERSION = 1;
				GENERATE_INFOPLIST_FILE = YES;
				MARKETING_VERSION = 1.0;
				PRODUCT_BUNDLE_IDENTIFIER = "YTTA.W3-calculator-TimotiusUITests";
				PRODUCT_NAME = "$(TARGET_NAME)";
				SWIFT_EMIT_LOC_STRINGS = NO;
				SWIFT_VERSION = 5.0;
				TARGETED_DEVICE_FAMILY = "1,2";
				TEST_TARGET_NAME = W3_calculator_Timotius;
			};
			name = Release;
		};
/* End XCBuildConfiguration section */

/* Begin XCConfigurationList section */
		04632D432ACD99FB00998587 /* Build configuration list for PBXProject "W3_calculator_Timotius" */ = {
			isa = XCConfigurationList;
			buildConfigurations = (
				04632D702ACD99FE00998587 /* Debug */,
				04632D712ACD99FE00998587 /* Release */,
			);
			defaultConfigurationIsVisible = 0;
			defaultConfigurationName = Release;
		};
		04632D722ACD99FE00998587 /* Build configuration list for PBXNativeTarget "W3_calculator_Timotius" */ = {
			isa = XCConfigurationList;
			buildConfigurations = (
				04632D732ACD99FE00998587 /* Debug */,
				04632D742ACD99FE00998587 /* Release */,
			);
			defaultConfigurationIsVisible = 0;
			defaultConfigurationName = Release;
		};
		04632D752ACD99FE00998587 /* Build configuration list for PBXNativeTarget "W3_calculator_TimotiusTests" */ = {
			isa = XCConfigurationList;
			buildConfigurations = (
				04632D762ACD99FE00998587 /* Debug */,
				04632D772ACD99FE00998587 /* Release */,
			);
			defaultConfigurationIsVisible = 0;
			defaultConfigurationName = Release;
		};
		04632D782ACD99FE00998587 /* Build configuration list for PBXNativeTarget "W3_calculator_TimotiusUITests" */ = {
			isa = XCConfigurationList;
			buildConfigurations = (
				04632D792ACD99FE00998587 /* Debug */,
				04632D7A2ACD99FE00998587 /* Release */,
			);
			defaultConfigurationIsVisible = 0;
			defaultConfigurationName = Release;
		};
/* End XCConfigurationList section */
	};
	rootObject = 04632D402ACD99FB00998587 /* Project object */;
}
